
Microsoft Visual Studio Solution File, Format Version 12.00
# Visual Studio Version 16
VisualStudioVersion = 16.0.30204.135
MinimumVisualStudioVersion = 10.0.40219.1
Project("{8BC9CEB8-8B4A-11D0-8D11-00A0C91BC942}") = "tray-button", "tray-button.vcxproj", "{86671308-0D86-49D8-B129-C9A013BEBB65}"
EndProject
Global
	GlobalSection(SolutionConfigurationPlatforms) = preSolution
		Debug|x64 = Debug|x64
		Debug|x86 = Debug|x86
		Release|x64 = Release|x64
		Release|x86 = Release|x86
	EndGlobalSection
	GlobalSection(ProjectConfigurationPlatforms) = postSolution
		{86671308-0D86-49D8-B129-C9A013BEBB65}.Debug|x64.ActiveCfg = Debug|Win32
		{86671308-0D86-49D8-B129-C9A013BEBB65}.Debug|x86.ActiveCfg = Debug|Win32
		{86671308-0D86-49D8-B129-C9A013BEBB65}.Debug|x86.Build.0 = Debug|Win32
		{86671308-0D86-49D8-B129-C9A013BEBB65}.Release|x64.ActiveCfg = Release|Win32
		{86671308-0D86-49D8-B129-C9A013BEBB65}.Release|x86.ActiveCfg = Release|Win32
		{86671308-0D86-49D8-B129-C9A013BEBB65}.Release|x86.Build.0 = Release|Win32
	EndGlobalSection
	GlobalSection(SolutionProperties) = preSolution
		HideSolutionNode = FALSE
	EndGlobalSection
	GlobalSection(ExtensibilityGlobals) = postSolution
		SolutionGuid = {E2848112-D2D6-43FC-BDAB-6BE86A069896}
	EndGlobalSection
EndGlobal
